// !$*UTF8*$!
{
	archiveVersion = 1;
	classes = {
	};
	objectVersion = 52;
	objects = {

/* Begin PBXBuildFile section */
		47D454B4266F1FC90030F774 /* BmTunerApp.swift in Sources */ = {isa = PBXBuildFile; fileRef = 47D454B3266F1FC90030F774 /* BmTunerApp.swift */; };
		47D454B8266F1FCA0030F774 /* Assets.xcassets in Resources */ = {isa = PBXBuildFile; fileRef = 47D454B7266F1FCA0030F774 /* Assets.xcassets */; };
		47D454BB266F1FCA0030F774 /* Preview Assets.xcassets in Resources */ = {isa = PBXBuildFile; fileRef = 47D454BA266F1FCA0030F774 /* Preview Assets.xcassets */; };
		47D454D6266F20550030F774 /* ModifierPreference.swift in Sources */ = {isa = PBXBuildFile; fileRef = 47D454C6266F20550030F774 /* ModifierPreference.swift */; };
		47D454D7266F20550030F774 /* Frequency.swift in Sources */ = {isa = PBXBuildFile; fileRef = 47D454C7266F20550030F774 /* Frequency.swift */; };
		47D454D8266F20550030F774 /* ScaleNote.swift in Sources */ = {isa = PBXBuildFile; fileRef = 47D454C8266F20550030F774 /* ScaleNote.swift */; };
		47D454D9266F20550030F774 /* TunerData.swift in Sources */ = {isa = PBXBuildFile; fileRef = 47D454C9266F20550030F774 /* TunerData.swift */; };
		47D454DA266F20550030F774 /* ColorAnimation.swift in Sources */ = {isa = PBXBuildFile; fileRef = 47D454CB266F20550030F774 /* ColorAnimation.swift */; };
		47D454DB266F20550030F774 /* TunerController.swift in Sources */ = {isa = PBXBuildFile; fileRef = 47D454CC266F20550030F774 /* TunerController.swift */; };
		47D454DC266F20550030F774 /* Alignment.swift in Sources */ = {isa = PBXBuildFile; fileRef = 47D454CD266F20550030F774 /* Alignment.swift */; };
		47D454DD266F20550030F774 /* CurrentNoteMarker.swift in Sources */ = {isa = PBXBuildFile; fileRef = 47D454CF266F20550030F774 /* CurrentNoteMarker.swift */; };
		47D454DE266F20550030F774 /* MatchedNoteView.swift in Sources */ = {isa = PBXBuildFile; fileRef = 47D454D0266F20550030F774 /* MatchedNoteView.swift */; };
		47D454DF266F20550030F774 /* NoteDistanceMarkers.swift in Sources */ = {isa = PBXBuildFile; fileRef = 47D454D1266F20550030F774 /* NoteDistanceMarkers.swift */; };
		47D454E0266F20550030F774 /* TranspositionMenu.swift in Sources */ = {isa = PBXBuildFile; fileRef = 47D454D2266F20550030F774 /* TranspositionMenu.swift */; };
		47D454E1266F20550030F774 /* TunerView.swift in Sources */ = {isa = PBXBuildFile; fileRef = 47D454D3266F20550030F774 /* TunerView.swift */; };
		47D454E2266F20550030F774 /* MainNoteView.swift in Sources */ = {isa = PBXBuildFile; fileRef = 47D454D4266F20550030F774 /* MainNoteView.swift */; };
		47D454E3266F20550030F774 /* MatchedNoteFrequency.swift in Sources */ = {isa = PBXBuildFile; fileRef = 47D454D5266F20550030F774 /* MatchedNoteFrequency.swift */; };
		47D454F0266F28190030F774 /* AudioKit in Frameworks */ = {isa = PBXBuildFile; productRef = 47D454EF266F28190030F774 /* AudioKit */; };
/* End PBXBuildFile section */

/* Begin PBXFileReference section */
		47D454B0266F1FC90030F774 /* BmTuner.app */ = {isa = PBXFileReference; explicitFileType = wrapper.application; includeInIndex = 0; path = BmTuner.app; sourceTree = BUILT_PRODUCTS_DIR; };
		47D454B3266F1FC90030F774 /* BmTunerApp.swift */ = {isa = PBXFileReference; lastKnownFileType = sourcecode.swift; path = BmTunerApp.swift; sourceTree = "<group>"; };
		47D454B7266F1FCA0030F774 /* Assets.xcassets */ = {isa = PBXFileReference; lastKnownFileType = folder.assetcatalog; path = Assets.xcassets; sourceTree = "<group>"; };
		47D454BA266F1FCA0030F774 /* Preview Assets.xcassets */ = {isa = PBXFileReference; lastKnownFileType = folder.assetcatalog; path = "Preview Assets.xcassets"; sourceTree = "<group>"; };
		47D454BC266F1FCA0030F774 /* Info.plist */ = {isa = PBXFileReference; lastKnownFileType = text.plist.xml; path = Info.plist; sourceTree = "<group>"; };
		47D454C6266F20550030F774 /* ModifierPreference.swift */ = {isa = PBXFileReference; fileEncoding = 4; lastKnownFileType = sourcecode.swift; path = ModifierPreference.swift; sourceTree = "<group>"; };
		47D454C7266F20550030F774 /* Frequency.swift */ = {isa = PBXFileReference; fileEncoding = 4; lastKnownFileType = sourcecode.swift; path = Frequency.swift; sourceTree = "<group>"; };
		47D454C8266F20550030F774 /* ScaleNote.swift */ = {isa = PBXFileReference; fileEncoding = 4; lastKnownFileType = sourcecode.swift; path = ScaleNote.swift; sourceTree = "<group>"; };
		47D454C9266F20550030F774 /* TunerData.swift */ = {isa = PBXFileReference; fileEncoding = 4; lastKnownFileType = sourcecode.swift; path = TunerData.swift; sourceTree = "<group>"; };
		47D454CB266F20550030F774 /* ColorAnimation.swift */ = {isa = PBXFileReference; fileEncoding = 4; lastKnownFileType = sourcecode.swift; path = ColorAnimation.swift; sourceTree = "<group>"; };
		47D454CC266F20550030F774 /* TunerController.swift */ = {isa = PBXFileReference; fileEncoding = 4; lastKnownFileType = sourcecode.swift; path = TunerController.swift; sourceTree = "<group>"; };
		47D454CD266F20550030F774 /* Alignment.swift */ = {isa = PBXFileReference; fileEncoding = 4; lastKnownFileType = sourcecode.swift; path = Alignment.swift; sourceTree = "<group>"; };
		47D454CF266F20550030F774 /* CurrentNoteMarker.swift */ = {isa = PBXFileReference; fileEncoding = 4; lastKnownFileType = sourcecode.swift; path = CurrentNoteMarker.swift; sourceTree = "<group>"; };
		47D454D0266F20550030F774 /* MatchedNoteView.swift */ = {isa = PBXFileReference; fileEncoding = 4; lastKnownFileType = sourcecode.swift; path = MatchedNoteView.swift; sourceTree = "<group>"; };
		47D454D1266F20550030F774 /* NoteDistanceMarkers.swift */ = {isa = PBXFileReference; fileEncoding = 4; lastKnownFileType = sourcecode.swift; path = NoteDistanceMarkers.swift; sourceTree = "<group>"; };
		47D454D2266F20550030F774 /* TranspositionMenu.swift */ = {isa = PBXFileReference; fileEncoding = 4; lastKnownFileType = sourcecode.swift; path = TranspositionMenu.swift; sourceTree = "<group>"; };
		47D454D3266F20550030F774 /* TunerView.swift */ = {isa = PBXFileReference; fileEncoding = 4; lastKnownFileType = sourcecode.swift; path = TunerView.swift; sourceTree = "<group>"; };
		47D454D4266F20550030F774 /* MainNoteView.swift */ = {isa = PBXFileReference; fileEncoding = 4; lastKnownFileType = sourcecode.swift; path = MainNoteView.swift; sourceTree = "<group>"; };
		47D454D5266F20550030F774 /* MatchedNoteFrequency.swift */ = {isa = PBXFileReference; fileEncoding = 4; lastKnownFileType = sourcecode.swift; path = MatchedNoteFrequency.swift; sourceTree = "<group>"; };
		47D454E4266F20EB0030F774 /* BmTuner.entitlements */ = {isa = PBXFileReference; lastKnownFileType = text.plist.entitlements; path = BmTuner.entitlements; sourceTree = "<group>"; };
/* End PBXFileReference section */

/* Begin PBXFrameworksBuildPhase section */
		47D454AD266F1FC90030F774 /* Frameworks */ = {
			isa = PBXFrameworksBuildPhase;
			buildActionMask = 2147483647;
			files = (
				47D454F0266F28190030F774 /* AudioKit in Frameworks */,
			);
			runOnlyForDeploymentPostprocessing = 0;
		};
/* End PBXFrameworksBuildPhase section */

/* Begin PBXGroup section */
		47D454A7266F1FC90030F774 = {
			isa = PBXGroup;
			children = (
				47D454B2266F1FC90030F774 /* BmTuner */,
				47D454B1266F1FC90030F774 /* Products */,
			);
			sourceTree = "<group>";
		};
		47D454B1266F1FC90030F774 /* Products */ = {
			isa = PBXGroup;
			children = (
				47D454B0266F1FC90030F774 /* BmTuner.app */,
			);
			name = Products;
			sourceTree = "<group>";
		};
		47D454B2266F1FC90030F774 /* BmTuner */ = {
			isa = PBXGroup;
			children = (
				47D454B3266F1FC90030F774 /* BmTunerApp.swift */,
				47D454CE266F20550030F774 /* Views */,
				47D454CA266F20550030F774 /* Helpers */,
				47D454C5266F20550030F774 /* Models */,
				47D454F1266F2AB80030F774 /* Resources */,
				47D454BC266F1FCA0030F774 /* Info.plist */,
				47D454E4266F20EB0030F774 /* BmTuner.entitlements */,
				47D454B9266F1FCA0030F774 /* Preview Content */,
			);
			path = BmTuner;
			sourceTree = "<group>";
		};
		47D454B9266F1FCA0030F774 /* Preview Content */ = {
			isa = PBXGroup;
			children = (
				47D454BA266F1FCA0030F774 /* Preview Assets.xcassets */,
			);
			path = "Preview Content";
			sourceTree = "<group>";
		};
		47D454C5266F20550030F774 /* Models */ = {
			isa = PBXGroup;
			children = (
				47D454C6266F20550030F774 /* ModifierPreference.swift */,
				47D454C7266F20550030F774 /* Frequency.swift */,
				47D454C8266F20550030F774 /* ScaleNote.swift */,
				47D454C9266F20550030F774 /* TunerData.swift */,
			);
			path = Models;
			sourceTree = "<group>";
		};
		47D454CA266F20550030F774 /* Helpers */ = {
			isa = PBXGroup;
			children = (
				47D454CB266F20550030F774 /* ColorAnimation.swift */,
				47D454CC266F20550030F774 /* TunerController.swift */,
				47D454CD266F20550030F774 /* Alignment.swift */,
			);
			path = Helpers;
			sourceTree = "<group>";
		};
		47D454CE266F20550030F774 /* Views */ = {
			isa = PBXGroup;
			children = (
				47D454CF266F20550030F774 /* CurrentNoteMarker.swift */,
				47D454D0266F20550030F774 /* MatchedNoteView.swift */,
				47D454D1266F20550030F774 /* NoteDistanceMarkers.swift */,
				47D454D2266F20550030F774 /* TranspositionMenu.swift */,
				47D454D3266F20550030F774 /* TunerView.swift */,
				47D454D4266F20550030F774 /* MainNoteView.swift */,
				47D454D5266F20550030F774 /* MatchedNoteFrequency.swift */,
			);
			path = Views;
			sourceTree = "<group>";
		};
		47D454F1266F2AB80030F774 /* Resources */ = {
			isa = PBXGroup;
			children = (
				47D454B7266F1FCA0030F774 /* Assets.xcassets */,
			);
			path = Resources;
			sourceTree = "<group>";
		};
/* End PBXGroup section */

/* Begin PBXNativeTarget section */
		47D454AF266F1FC90030F774 /* BmTuner */ = {
			isa = PBXNativeTarget;
			buildConfigurationList = 47D454BF266F1FCA0030F774 /* Build configuration list for PBXNativeTarget "BmTuner" */;
			buildPhases = (
				47D454AC266F1FC90030F774 /* Sources */,
				47D454AD266F1FC90030F774 /* Frameworks */,
				47D454AE266F1FC90030F774 /* Resources */,
			);
			buildRules = (
			);
			dependencies = (
			);
			name = BmTuner;
			packageProductDependencies = (
				47D454EF266F28190030F774 /* AudioKit */,
			);
			productName = BmTuner;
			productReference = 47D454B0266F1FC90030F774 /* BmTuner.app */;
			productType = "com.apple.product-type.application";
		};
/* End PBXNativeTarget section */

/* Begin PBXProject section */
		47D454A8266F1FC90030F774 /* Project object */ = {
			isa = PBXProject;
			attributes = {
				LastSwiftUpdateCheck = 1250;
				LastUpgradeCheck = 1250;
				TargetAttributes = {
					47D454AF266F1FC90030F774 = {
						CreatedOnToolsVersion = 12.5;
					};
				};
			};
			buildConfigurationList = 47D454AB266F1FC90030F774 /* Build configuration list for PBXProject "BmTuner" */;
			compatibilityVersion = "Xcode 9.3";
			developmentRegion = en;
			hasScannedForEncodings = 0;
			knownRegions = (
				en,
				Base,
			);
			mainGroup = 47D454A7266F1FC90030F774;
			packageReferences = (
				47D454EE266F28190030F774 /* XCRemoteSwiftPackageReference "AudioKit" */,
			);
			productRefGroup = 47D454B1266F1FC90030F774 /* Products */;
			projectDirPath = "";
			projectRoot = "";
			targets = (
				47D454AF266F1FC90030F774 /* BmTuner */,
			);
		};
/* End PBXProject section */

/* Begin PBXResourcesBuildPhase section */
		47D454AE266F1FC90030F774 /* Resources */ = {
			isa = PBXResourcesBuildPhase;
			buildActionMask = 2147483647;
			files = (
				47D454BB266F1FCA0030F774 /* Preview Assets.xcassets in Resources */,
				47D454B8266F1FCA0030F774 /* Assets.xcassets in Resources */,
			);
			runOnlyForDeploymentPostprocessing = 0;
		};
/* End PBXResourcesBuildPhase section */

/* Begin PBXSourcesBuildPhase section */
		47D454AC266F1FC90030F774 /* Sources */ = {
			isa = PBXSourcesBuildPhase;
			buildActionMask = 2147483647;
			files = (
				47D454D9266F20550030F774 /* TunerData.swift in Sources */,
				47D454DC266F20550030F774 /* Alignment.swift in Sources */,
				47D454DE266F20550030F774 /* MatchedNoteView.swift in Sources */,
				47D454E3266F20550030F774 /* MatchedNoteFrequency.swift in Sources */,
				47D454D8266F20550030F774 /* ScaleNote.swift in Sources */,
				47D454E2266F20550030F774 /* MainNoteView.swift in Sources */,
				47D454DB266F20550030F774 /* TunerController.swift in Sources */,
				47D454D7266F20550030F774 /* Frequency.swift in Sources */,
				47D454DD266F20550030F774 /* CurrentNoteMarker.swift in Sources */,
				47D454E1266F20550030F774 /* TunerView.swift in Sources */,
				47D454B4266F1FC90030F774 /* BmTunerApp.swift in Sources */,
				47D454DA266F20550030F774 /* ColorAnimation.swift in Sources */,
				47D454DF266F20550030F774 /* NoteDistanceMarkers.swift in Sources */,
				47D454D6266F20550030F774 /* ModifierPreference.swift in Sources */,
				47D454E0266F20550030F774 /* TranspositionMenu.swift in Sources */,
			);
			runOnlyForDeploymentPostprocessing = 0;
		};
/* End PBXSourcesBuildPhase section */

/* Begin XCBuildConfiguration section */
		47D454BD266F1FCA0030F774 /* Debug */ = {
			isa = XCBuildConfiguration;
			buildSettings = {
				ALWAYS_SEARCH_USER_PATHS = NO;
				CLANG_ANALYZER_NONNULL = YES;
				CLANG_ANALYZER_NUMBER_OBJECT_CONVERSION = YES_AGGRESSIVE;
				CLANG_CXX_LANGUAGE_STANDARD = "gnu++14";
				CLANG_CXX_LIBRARY = "libc++";
				CLANG_ENABLE_MODULES = YES;
				CLANG_ENABLE_OBJC_ARC = YES;
				CLANG_ENABLE_OBJC_WEAK = YES;
				CLANG_WARN_BLOCK_CAPTURE_AUTORELEASING = YES;
				CLANG_WARN_BOOL_CONVERSION = YES;
				CLANG_WARN_COMMA = YES;
				CLANG_WARN_CONSTANT_CONVERSION = YES;
				CLANG_WARN_DEPRECATED_OBJC_IMPLEMENTATIONS = YES;
				CLANG_WARN_DIRECT_OBJC_ISA_USAGE = YES_ERROR;
				CLANG_WARN_DOCUMENTATION_COMMENTS = YES;
				CLANG_WARN_EMPTY_BODY = YES;
				CLANG_WARN_ENUM_CONVERSION = YES;
				CLANG_WARN_INFINITE_RECURSION = YES;
				CLANG_WARN_INT_CONVERSION = YES;
				CLANG_WARN_NON_LITERAL_NULL_CONVERSION = YES;
				CLANG_WARN_OBJC_IMPLICIT_RETAIN_SELF = YES;
				CLANG_WARN_OBJC_LITERAL_CONVERSION = YES;
				CLANG_WARN_OBJC_ROOT_CLASS = YES_ERROR;
				CLANG_WARN_QUOTED_INCLUDE_IN_FRAMEWORK_HEADER = YES;
				CLANG_WARN_RANGE_LOOP_ANALYSIS = YES;
				CLANG_WARN_STRICT_PROTOTYPES = YES;
				CLANG_WARN_SUSPICIOUS_MOVE = YES;
				CLANG_WARN_UNGUARDED_AVAILABILITY = YES_AGGRESSIVE;
				CLANG_WARN_UNREACHABLE_CODE = YES;
				CLANG_WARN__DUPLICATE_METHOD_MATCH = YES;
				COPY_PHASE_STRIP = NO;
				DEBUG_INFORMATION_FORMAT = dwarf;
				ENABLE_STRICT_OBJC_MSGSEND = YES;
				ENABLE_TESTABILITY = YES;
				GCC_C_LANGUAGE_STANDARD = gnu11;
				GCC_DYNAMIC_NO_PIC = NO;
				GCC_NO_COMMON_BLOCKS = YES;
				GCC_OPTIMIZATION_LEVEL = 0;
				GCC_PREPROCESSOR_DEFINITIONS = (
					"DEBUG=1",
					"$(inherited)",
				);
				GCC_WARN_64_TO_32_BIT_CONVERSION = YES;
				GCC_WARN_ABOUT_RETURN_TYPE = YES_ERROR;
				GCC_WARN_UNDECLARED_SELECTOR = YES;
				GCC_WARN_UNINITIALIZED_AUTOS = YES_AGGRESSIVE;
				GCC_WARN_UNUSED_FUNCTION = YES;
				GCC_WARN_UNUSED_VARIABLE = YES;
				IPHONEOS_DEPLOYMENT_TARGET = 14.5;
				MTL_ENABLE_DEBUG_INFO = INCLUDE_SOURCE;
				MTL_FAST_MATH = YES;
				ONLY_ACTIVE_ARCH = YES;
				SDKROOT = iphoneos;
				SWIFT_ACTIVE_COMPILATION_CONDITIONS = DEBUG;
				SWIFT_OPTIMIZATION_LEVEL = "-Onone";
			};
			name = Debug;
		};
		47D454BE266F1FCA0030F774 /* Release */ = {
			isa = XCBuildConfiguration;
			buildSettings = {
				ALWAYS_SEARCH_USER_PATHS = NO;
				CLANG_ANALYZER_NONNULL = YES;
				CLANG_ANALYZER_NUMBER_OBJECT_CONVERSION = YES_AGGRESSIVE;
				CLANG_CXX_LANGUAGE_STANDARD = "gnu++14";
				CLANG_CXX_LIBRARY = "libc++";
				CLANG_ENABLE_MODULES = YES;
				CLANG_ENABLE_OBJC_ARC = YES;
				CLANG_ENABLE_OBJC_WEAK = YES;
				CLANG_WARN_BLOCK_CAPTURE_AUTORELEASING = YES;
				CLANG_WARN_BOOL_CONVERSION = YES;
				CLANG_WARN_COMMA = YES;
				CLANG_WARN_CONSTANT_CONVERSION = YES;
				CLANG_WARN_DEPRECATED_OBJC_IMPLEMENTATIONS = YES;
				CLANG_WARN_DIRECT_OBJC_ISA_USAGE = YES_ERROR;
				CLANG_WARN_DOCUMENTATION_COMMENTS = YES;
				CLANG_WARN_EMPTY_BODY = YES;
				CLANG_WARN_ENUM_CONVERSION = YES;
				CLANG_WARN_INFINITE_RECURSION = YES;
				CLANG_WARN_INT_CONVERSION = YES;
				CLANG_WARN_NON_LITERAL_NULL_CONVERSION = YES;
				CLANG_WARN_OBJC_IMPLICIT_RETAIN_SELF = YES;
				CLANG_WARN_OBJC_LITERAL_CONVERSION = YES;
				CLANG_WARN_OBJC_ROOT_CLASS = YES_ERROR;
				CLANG_WARN_QUOTED_INCLUDE_IN_FRAMEWORK_HEADER = YES;
				CLANG_WARN_RANGE_LOOP_ANALYSIS = YES;
				CLANG_WARN_STRICT_PROTOTYPES = YES;
				CLANG_WARN_SUSPICIOUS_MOVE = YES;
				CLANG_WARN_UNGUARDED_AVAILABILITY = YES_AGGRESSIVE;
				CLANG_WARN_UNREACHABLE_CODE = YES;
				CLANG_WARN__DUPLICATE_METHOD_MATCH = YES;
				COPY_PHASE_STRIP = NO;
				DEBUG_INFORMATION_FORMAT = "dwarf-with-dsym";
				ENABLE_NS_ASSERTIONS = NO;
				ENABLE_STRICT_OBJC_MSGSEND = YES;
				GCC_C_LANGUAGE_STANDARD = gnu11;
				GCC_NO_COMMON_BLOCKS = YES;
				GCC_WARN_64_TO_32_BIT_CONVERSION = YES;
				GCC_WARN_ABOUT_RETURN_TYPE = YES_ERROR;
				GCC_WARN_UNDECLARED_SELECTOR = YES;
				GCC_WARN_UNINITIALIZED_AUTOS = YES_AGGRESSIVE;
				GCC_WARN_UNUSED_FUNCTION = YES;
				GCC_WARN_UNUSED_VARIABLE = YES;
				IPHONEOS_DEPLOYMENT_TARGET = 14.5;
				MTL_ENABLE_DEBUG_INFO = NO;
				MTL_FAST_MATH = YES;
				SDKROOT = iphoneos;
				SWIFT_COMPILATION_MODE = wholemodule;
				SWIFT_OPTIMIZATION_LEVEL = "-O";
				VALIDATE_PRODUCT = YES;
			};
			name = Release;
		};
		47D454C0266F1FCA0030F774 /* Debug */ = {
			isa = XCBuildConfiguration;
			buildSettings = {
				ASSETCATALOG_COMPILER_APPICON_NAME = AppIcon;
				ASSETCATALOG_COMPILER_GLOBAL_ACCENT_COLOR_NAME = AccentColor;
				CODE_SIGN_ENTITLEMENTS = BmTuner/BmTuner.entitlements;
				CODE_SIGN_STYLE = Automatic;
				DEVELOPMENT_ASSET_PATHS = "\"BmTuner/Preview Content\"";
				DEVELOPMENT_TEAM = HJ9L53D9PB;
				ENABLE_PREVIEWS = YES;
				INFOPLIST_FILE = BmTuner/Info.plist;
				IPHONEOS_DEPLOYMENT_TARGET = 14.0;
				LD_RUNPATH_SEARCH_PATHS = (
					"$(inherited)",
					"@executable_path/Frameworks",
				);
				PRODUCT_BUNDLE_IDENTIFIER = com.jonahaung.BmTuner;
				PRODUCT_NAME = "$(TARGET_NAME)";
				SUPPORTS_MACCATALYST = YES;
				SWIFT_VERSION = 5.0;
				TARGETED_DEVICE_FAMILY = "1,2";
			};
			name = Debug;
		};
		47D454C1266F1FCA0030F774 /* Release */ = {
			isa = XCBuildConfiguration;
			buildSettings = {
				ASSETCATALOG_COMPILER_APPICON_NAME = AppIcon;
				ASSETCATALOG_COMPILER_GLOBAL_ACCENT_COLOR_NAME = AccentColor;
				CODE_SIGN_ENTITLEMENTS = BmTuner/BmTuner.entitlements;
				CODE_SIGN_STYLE = Automatic;
				DEVELOPMENT_ASSET_PATHS = "\"BmTuner/Preview Content\"";
				DEVELOPMENT_TEAM = HJ9L53D9PB;
				ENABLE_PREVIEWS = YES;
				INFOPLIST_FILE = BmTuner/Info.plist;
				IPHONEOS_DEPLOYMENT_TARGET = 14.0;
				LD_RUNPATH_SEARCH_PATHS = (
					"$(inherited)",
					"@executable_path/Frameworks",
				);
				PRODUCT_BUNDLE_IDENTIFIER = com.jonahaung.BmTuner;
				PRODUCT_NAME = "$(TARGET_NAME)";
				SUPPORTS_MACCATALYST = YES;
				SWIFT_VERSION = 5.0;
				TARGETED_DEVICE_FAMILY = "1,2";
			};
			name = Release;
		};
/* End XCBuildConfiguration section */

/* Begin XCConfigurationList section */
		47D454AB266F1FC90030F774 /* Build configuration list for PBXProject "BmTuner" */ = {
			isa = XCConfigurationList;
			buildConfigurations = (
				47D454BD266F1FCA0030F774 /* Debug */,
				47D454BE266F1FCA0030F774 /* Release */,
			);
			defaultConfigurationIsVisible = 0;
			defaultConfigurationName = Release;
		};
		47D454BF266F1FCA0030F774 /* Build configuration list for PBXNativeTarget "BmTuner" */ = {
			isa = XCConfigurationList;
			buildConfigurations = (
				47D454C0266F1FCA0030F774 /* Debug */,
				47D454C1266F1FCA0030F774 /* Release */,
			);
			defaultConfigurationIsVisible = 0;
			defaultConfigurationName = Release;
		};
/* End XCConfigurationList section */

/* Begin XCRemoteSwiftPackageReference section */
		47D454EE266F28190030F774 /* XCRemoteSwiftPackageReference "AudioKit" */ = {
			isa = XCRemoteSwiftPackageReference;
			repositoryURL = "https://github.com/AudioKit/AudioKit";
			requirement = {
				kind = exactVersion;
				version = 5.0.0;
			};
		};
/* End XCRemoteSwiftPackageReference section */

/* Begin XCSwiftPackageProductDependency section */
		47D454EF266F28190030F774 /* AudioKit */ = {
			isa = XCSwiftPackageProductDependency;
			package = 47D454EE266F28190030F774 /* XCRemoteSwiftPackageReference "AudioKit" */;
			productName = AudioKit;
		};
/* End XCSwiftPackageProductDependency section */
	};
	rootObject = 47D454A8266F1FC90030F774 /* Project object */;
}
